
Microsoft Visual Studio Solution File, Format Version 12.00
# Visual Studio Version 16
VisualStudioVersion = 16.0.34601.136
MinimumVisualStudioVersion = 10.0.40219.1
Project("{8BC9CEB8-8B4A-11D0-8D11-00A0C91BC942}") = "Project1", "Project1\Project1.vcxproj", "{4A922C2E-DF83-4239-84B4-19C6DBDEBD2C}"
EndProject
Project("{8BC9CEB8-8B4A-11D0-8D11-00A0C91BC942}") = "UnitTest1", "UnitTest1\UnitTest1.vcxproj", "{192F986D-E790-47E6-8051-E33D966CA364}"
EndProject
Global
	GlobalSection(SolutionConfigurationPlatforms) = preSolution
		Debug|x64 = Debug|x64
		Debug|x86 = Debug|x86
		Release|x64 = Release|x64
		Release|x86 = Release|x86
	EndGlobalSection
	GlobalSection(ProjectConfigurationPlatforms) = postSolution
		{4A922C2E-DF83-4239-84B4-19C6DBDEBD2C}.Debug|x64.ActiveCfg = Debug|x64
		{4A922C2E-DF83-4239-84B4-19C6DBDEBD2C}.Debug|x64.Build.0 = Debug|x64
		{4A922C2E-DF83-4239-84B4-19C6DBDEBD2C}.Debug|x86.ActiveCfg = Debug|Win32
		{4A922C2E-DF83-4239-84B4-19C6DBDEBD2C}.Debug|x86.Build.0 = Debug|Win32
		{4A922C2E-DF83-4239-84B4-19C6DBDEBD2C}.Release|x64.ActiveCfg = Release|x64
		{4A922C2E-DF83-4239-84B4-19C6DBDEBD2C}.Release|x64.Build.0 = Release|x64
		{4A922C2E-DF83-4239-84B4-19C6DBDEBD2C}.Release|x86.ActiveCfg = Release|Win32
		{4A922C2E-DF83-4239-84B4-19C6DBDEBD2C}.Release|x86.Build.0 = Release|Win32
		{192F986D-E790-47E6-8051-E33D966CA364}.Debug|x64.ActiveCfg = Debug|x64
		{192F986D-E790-47E6-8051-E33D966CA364}.Debug|x64.Build.0 = Debug|x64
		{192F986D-E790-47E6-8051-E33D966CA364}.Debug|x86.ActiveCfg = Debug|Win32
		{192F986D-E790-47E6-8051-E33D966CA364}.Debug|x86.Build.0 = Debug|Win32
		{192F986D-E790-47E6-8051-E33D966CA364}.Release|x64.ActiveCfg = Release|x64
		{192F986D-E790-47E6-8051-E33D966CA364}.Release|x64.Build.0 = Release|x64
		{192F986D-E790-47E6-8051-E33D966CA364}.Release|x86.ActiveCfg = Release|Win32
		{192F986D-E790-47E6-8051-E33D966CA364}.Release|x86.Build.0 = Release|Win32
	EndGlobalSection
	GlobalSection(SolutionProperties) = preSolution
		HideSolutionNode = FALSE
	EndGlobalSection
	GlobalSection(ExtensibilityGlobals) = postSolution
		SolutionGuid = {7E66C83F-9254-4D8E-82EB-C8A6B89F1238}
	EndGlobalSection
EndGlobal
